// !$*UTF8*$!
{
	archiveVersion = 1;
	classes = {
	};
	objectVersion = 51;
	objects = {

/* Begin PBXBuildFile section */
		70BF6EB7E8B5A8594B7FEC2C /* Pods_Movie_Catalogue_SwiftUI.framework in Frameworks */ = {isa = PBXBuildFile; fileRef = B189428EB1CD86EB8ADE38A3 /* Pods_Movie_Catalogue_SwiftUI.framework */; };
		9C1F326B24FF3EFC00CC73C9 /* AppDelegate.swift in Sources */ = {isa = PBXBuildFile; fileRef = 9C1F326A24FF3EFC00CC73C9 /* AppDelegate.swift */; };
		9C1F326D24FF3EFC00CC73C9 /* SceneDelegate.swift in Sources */ = {isa = PBXBuildFile; fileRef = 9C1F326C24FF3EFC00CC73C9 /* SceneDelegate.swift */; };
		9C1F326F24FF3EFC00CC73C9 /* ContentView.swift in Sources */ = {isa = PBXBuildFile; fileRef = 9C1F326E24FF3EFC00CC73C9 /* ContentView.swift */; };
		9C1F327124FF3F0000CC73C9 /* Assets.xcassets in Resources */ = {isa = PBXBuildFile; fileRef = 9C1F327024FF3F0000CC73C9 /* Assets.xcassets */; };
		9C1F327424FF3F0000CC73C9 /* Preview Assets.xcassets in Resources */ = {isa = PBXBuildFile; fileRef = 9C1F327324FF3F0000CC73C9 /* Preview Assets.xcassets */; };
		9C1F327724FF3F0000CC73C9 /* LaunchScreen.storyboard in Resources */ = {isa = PBXBuildFile; fileRef = 9C1F327524FF3F0000CC73C9 /* LaunchScreen.storyboard */; };
		9C1F328724FF4E5E00CC73C9 /* MovieDetail.swift in Sources */ = {isa = PBXBuildFile; fileRef = 9C1F328624FF4E5E00CC73C9 /* MovieDetail.swift */; };
		9C1F328924FF4E7000CC73C9 /* MovieRow.swift in Sources */ = {isa = PBXBuildFile; fileRef = 9C1F328824FF4E7000CC73C9 /* MovieRow.swift */; };
		CE765B4126B10F9E00849771 /* VideoView.swift in Sources */ = {isa = PBXBuildFile; fileRef = CE765B4026B10F9E00849771 /* VideoView.swift */; };
		CE765B4426B1156D00849771 /* Trailer.swift in Sources */ = {isa = PBXBuildFile; fileRef = CE765B4326B1156D00849771 /* Trailer.swift */; };
		CE765B4C26B12EC000849771 /* Review.swift in Sources */ = {isa = PBXBuildFile; fileRef = CE765B4B26B12EC000849771 /* Review.swift */; };
		CE8A82EE26AE813C00EF53B4 /* MovieNetworkManager.swift in Sources */ = {isa = PBXBuildFile; fileRef = CE8A82ED26AE813C00EF53B4 /* MovieNetworkManager.swift */; };
		CE8A82F726AE91C500EF53B4 /* MovieGenre.swift in Sources */ = {isa = PBXBuildFile; fileRef = CE8A82F626AE91C500EF53B4 /* MovieGenre.swift */; };
		CE8A82FE26AE92FA00EF53B4 /* GenreNetworkManager.swift in Sources */ = {isa = PBXBuildFile; fileRef = CE8A82FD26AE92FA00EF53B4 /* GenreNetworkManager.swift */; };
		CE8A830526AE97C300EF53B4 /* GenreRow.swift in Sources */ = {isa = PBXBuildFile; fileRef = CE8A830426AE97C300EF53B4 /* GenreRow.swift */; };
		CE8A831026AEA4D200EF53B4 /* Movie.swift in Sources */ = {isa = PBXBuildFile; fileRef = CE8A830F26AEA4D200EF53B4 /* Movie.swift */; };
		CE8A831326AEB0EB00EF53B4 /* MovieDetailGenre.swift in Sources */ = {isa = PBXBuildFile; fileRef = CE8A831226AEB0EB00EF53B4 /* MovieDetailGenre.swift */; };
		CE8A831626AEB12F00EF53B4 /* MovieRowGenre.swift in Sources */ = {isa = PBXBuildFile; fileRef = CE8A831526AEB12F00EF53B4 /* MovieRowGenre.swift */; };
/* End PBXBuildFile section */

/* Begin PBXFileReference section */
		72E16E3B32E120522A93B3D7 /* Pods-Movie Catalogue SwiftUI.release.xcconfig */ = {isa = PBXFileReference; includeInIndex = 1; lastKnownFileType = text.xcconfig; name = "Pods-Movie Catalogue SwiftUI.release.xcconfig"; path = "Target Support Files/Pods-Movie Catalogue SwiftUI/Pods-Movie Catalogue SwiftUI.release.xcconfig"; sourceTree = "<group>"; };
		9C1F326724FF3EFC00CC73C9 /* Movie Catalogue SwiftUI.app */ = {isa = PBXFileReference; explicitFileType = wrapper.application; includeInIndex = 0; path = "Movie Catalogue SwiftUI.app"; sourceTree = BUILT_PRODUCTS_DIR; };
		9C1F326A24FF3EFC00CC73C9 /* AppDelegate.swift */ = {isa = PBXFileReference; lastKnownFileType = sourcecode.swift; path = AppDelegate.swift; sourceTree = "<group>"; };
		9C1F326C24FF3EFC00CC73C9 /* SceneDelegate.swift */ = {isa = PBXFileReference; lastKnownFileType = sourcecode.swift; path = SceneDelegate.swift; sourceTree = "<group>"; };
		9C1F326E24FF3EFC00CC73C9 /* ContentView.swift */ = {isa = PBXFileReference; lastKnownFileType = sourcecode.swift; path = ContentView.swift; sourceTree = "<group>"; };
		9C1F327024FF3F0000CC73C9 /* Assets.xcassets */ = {isa = PBXFileReference; lastKnownFileType = folder.assetcatalog; path = Assets.xcassets; sourceTree = "<group>"; };
		9C1F327324FF3F0000CC73C9 /* Preview Assets.xcassets */ = {isa = PBXFileReference; lastKnownFileType = folder.assetcatalog; path = "Preview Assets.xcassets"; sourceTree = "<group>"; };
		9C1F327624FF3F0000CC73C9 /* Base */ = {isa = PBXFileReference; lastKnownFileType = file.storyboard; name = Base; path = Base.lproj/LaunchScreen.storyboard; sourceTree = "<group>"; };
		9C1F327824FF3F0000CC73C9 /* Info.plist */ = {isa = PBXFileReference; lastKnownFileType = text.plist.xml; path = Info.plist; sourceTree = "<group>"; };
		9C1F328624FF4E5E00CC73C9 /* MovieDetail.swift */ = {isa = PBXFileReference; lastKnownFileType = sourcecode.swift; path = MovieDetail.swift; sourceTree = "<group>"; };
		9C1F328824FF4E7000CC73C9 /* MovieRow.swift */ = {isa = PBXFileReference; lastKnownFileType = sourcecode.swift; path = MovieRow.swift; sourceTree = "<group>"; };
		A0E695849BD12593D7680A35 /* Pods-Movie Catalogue SwiftUI.debug.xcconfig */ = {isa = PBXFileReference; includeInIndex = 1; lastKnownFileType = text.xcconfig; name = "Pods-Movie Catalogue SwiftUI.debug.xcconfig"; path = "Target Support Files/Pods-Movie Catalogue SwiftUI/Pods-Movie Catalogue SwiftUI.debug.xcconfig"; sourceTree = "<group>"; };
		B189428EB1CD86EB8ADE38A3 /* Pods_Movie_Catalogue_SwiftUI.framework */ = {isa = PBXFileReference; explicitFileType = wrapper.framework; includeInIndex = 0; path = Pods_Movie_Catalogue_SwiftUI.framework; sourceTree = BUILT_PRODUCTS_DIR; };
		CE765B4026B10F9E00849771 /* VideoView.swift */ = {isa = PBXFileReference; lastKnownFileType = sourcecode.swift; path = VideoView.swift; sourceTree = "<group>"; };
		CE765B4326B1156D00849771 /* Trailer.swift */ = {isa = PBXFileReference; lastKnownFileType = sourcecode.swift; path = Trailer.swift; sourceTree = "<group>"; };
		CE765B4B26B12EC000849771 /* Review.swift */ = {isa = PBXFileReference; lastKnownFileType = sourcecode.swift; path = Review.swift; sourceTree = "<group>"; };
		CE8A82ED26AE813C00EF53B4 /* MovieNetworkManager.swift */ = {isa = PBXFileReference; lastKnownFileType = sourcecode.swift; path = MovieNetworkManager.swift; sourceTree = "<group>"; };
		CE8A82F626AE91C500EF53B4 /* MovieGenre.swift */ = {isa = PBXFileReference; lastKnownFileType = sourcecode.swift; path = MovieGenre.swift; sourceTree = "<group>"; };
		CE8A82FD26AE92FA00EF53B4 /* GenreNetworkManager.swift */ = {isa = PBXFileReference; lastKnownFileType = sourcecode.swift; path = GenreNetworkManager.swift; sourceTree = "<group>"; };
		CE8A830426AE97C300EF53B4 /* GenreRow.swift */ = {isa = PBXFileReference; lastKnownFileType = sourcecode.swift; path = GenreRow.swift; sourceTree = "<group>"; };
		CE8A830F26AEA4D200EF53B4 /* Movie.swift */ = {isa = PBXFileReference; lastKnownFileType = sourcecode.swift; path = Movie.swift; sourceTree = "<group>"; };
		CE8A831226AEB0EB00EF53B4 /* MovieDetailGenre.swift */ = {isa = PBXFileReference; lastKnownFileType = sourcecode.swift; path = MovieDetailGenre.swift; sourceTree = "<group>"; };
		CE8A831526AEB12F00EF53B4 /* MovieRowGenre.swift */ = {isa = PBXFileReference; lastKnownFileType = sourcecode.swift; path = MovieRowGenre.swift; sourceTree = "<group>"; };
/* End PBXFileReference section */

/* Begin PBXFrameworksBuildPhase section */
		9C1F326424FF3EFC00CC73C9 /* Frameworks */ = {
			isa = PBXFrameworksBuildPhase;
			buildActionMask = 2147483647;
			files = (
				70BF6EB7E8B5A8594B7FEC2C /* Pods_Movie_Catalogue_SwiftUI.framework in Frameworks */,
			);
			runOnlyForDeploymentPostprocessing = 0;
		};
/* End PBXFrameworksBuildPhase section */

/* Begin PBXGroup section */
		3C519C1B4204DB222D659D05 /* Frameworks */ = {
			isa = PBXGroup;
			children = (
				B189428EB1CD86EB8ADE38A3 /* Pods_Movie_Catalogue_SwiftUI.framework */,
			);
			name = Frameworks;
			sourceTree = "<group>";
		};
		7965E8852337F4E915BCB39D /* Pods */ = {
			isa = PBXGroup;
			children = (
				A0E695849BD12593D7680A35 /* Pods-Movie Catalogue SwiftUI.debug.xcconfig */,
				72E16E3B32E120522A93B3D7 /* Pods-Movie Catalogue SwiftUI.release.xcconfig */,
			);
			path = Pods;
			sourceTree = "<group>";
		};
		9C1F325E24FF3EFC00CC73C9 = {
			isa = PBXGroup;
			children = (
				9C1F326924FF3EFC00CC73C9 /* Movie Catalogue SwiftUI */,
				9C1F326824FF3EFC00CC73C9 /* Products */,
				7965E8852337F4E915BCB39D /* Pods */,
				3C519C1B4204DB222D659D05 /* Frameworks */,
			);
			sourceTree = "<group>";
		};
		9C1F326824FF3EFC00CC73C9 /* Products */ = {
			isa = PBXGroup;
			children = (
				9C1F326724FF3EFC00CC73C9 /* Movie Catalogue SwiftUI.app */,
			);
			name = Products;
			sourceTree = "<group>";
		};
		9C1F326924FF3EFC00CC73C9 /* Movie Catalogue SwiftUI */ = {
			isa = PBXGroup;
			children = (
				9C1F328024FF3F4500CC73C9 /* View */,
				9C1F327F24FF3F4000CC73C9 /* Model */,
				9C1F327E24FF3F3700CC73C9 /* Delegate */,
				9C1F327024FF3F0000CC73C9 /* Assets.xcassets */,
				9C1F327524FF3F0000CC73C9 /* LaunchScreen.storyboard */,
				9C1F327824FF3F0000CC73C9 /* Info.plist */,
				9C1F327224FF3F0000CC73C9 /* Preview Content */,
			);
			path = "Movie Catalogue SwiftUI";
			sourceTree = "<group>";
		};
		9C1F327224FF3F0000CC73C9 /* Preview Content */ = {
			isa = PBXGroup;
			children = (
				9C1F327324FF3F0000CC73C9 /* Preview Assets.xcassets */,
			);
			path = "Preview Content";
			sourceTree = "<group>";
		};
		9C1F327E24FF3F3700CC73C9 /* Delegate */ = {
			isa = PBXGroup;
			children = (
				9C1F326A24FF3EFC00CC73C9 /* AppDelegate.swift */,
				9C1F326C24FF3EFC00CC73C9 /* SceneDelegate.swift */,
			);
			path = Delegate;
			sourceTree = "<group>";
		};
		9C1F327F24FF3F4000CC73C9 /* Model */ = {
			isa = PBXGroup;
			children = (
				CE8A82ED26AE813C00EF53B4 /* MovieNetworkManager.swift */,
				CE8A82F626AE91C500EF53B4 /* MovieGenre.swift */,
				CE8A82FD26AE92FA00EF53B4 /* GenreNetworkManager.swift */,
				CE8A830F26AEA4D200EF53B4 /* Movie.swift */,
				CE765B4326B1156D00849771 /* Trailer.swift */,
				CE765B4B26B12EC000849771 /* Review.swift */,
			);
			path = Model;
			sourceTree = "<group>";
		};
		9C1F328024FF3F4500CC73C9 /* View */ = {
			isa = PBXGroup;
			children = (
				9C1F326E24FF3EFC00CC73C9 /* ContentView.swift */,
				9C1F328624FF4E5E00CC73C9 /* MovieDetail.swift */,
				9C1F328824FF4E7000CC73C9 /* MovieRow.swift */,
				CE8A830426AE97C300EF53B4 /* GenreRow.swift */,
				CE8A831226AEB0EB00EF53B4 /* MovieDetailGenre.swift */,
				CE8A831526AEB12F00EF53B4 /* MovieRowGenre.swift */,
				CE765B4026B10F9E00849771 /* VideoView.swift */,
			);
			path = View;
			sourceTree = "<group>";
		};
/* End PBXGroup section */

/* Begin PBXNativeTarget section */
		9C1F326624FF3EFC00CC73C9 /* Movie Catalogue SwiftUI */ = {
			isa = PBXNativeTarget;
			buildConfigurationList = 9C1F327B24FF3F0000CC73C9 /* Build configuration list for PBXNativeTarget "Movie Catalogue SwiftUI" */;
			buildPhases = (
				C1989E9779544077AF7579A3 /* [CP] Check Pods Manifest.lock */,
				9C1F326324FF3EFC00CC73C9 /* Sources */,
				9C1F326424FF3EFC00CC73C9 /* Frameworks */,
				9C1F326524FF3EFC00CC73C9 /* Resources */,
				830F0C9CFAEBC6CA06E5E02A /* [CP] Embed Pods Frameworks */,
			);
			buildRules = (
			);
			dependencies = (
			);
			name = "Movie Catalogue SwiftUI";
			productName = "Movie Catalogue SwiftUI";
			productReference = 9C1F326724FF3EFC00CC73C9 /* Movie Catalogue SwiftUI.app */;
			productType = "com.apple.product-type.application";
		};
/* End PBXNativeTarget section */

/* Begin PBXProject section */
		9C1F325F24FF3EFC00CC73C9 /* Project object */ = {
			isa = PBXProject;
			attributes = {
				LastSwiftUpdateCheck = 1160;
				LastUpgradeCheck = 1240;
				ORGANIZATIONNAME = "Jason Dicoding IOS";
				TargetAttributes = {
					9C1F326624FF3EFC00CC73C9 = {
						CreatedOnToolsVersion = 11.6;
					};
				};
			};
			buildConfigurationList = 9C1F326224FF3EFC00CC73C9 /* Build configuration list for PBXProject "Movie Catalogue SwiftUI" */;
			compatibilityVersion = "Xcode 9.3";
			developmentRegion = en;
			hasScannedForEncodings = 0;
			knownRegions = (
				en,
				Base,
			);
			mainGroup = 9C1F325E24FF3EFC00CC73C9;
			productRefGroup = 9C1F326824FF3EFC00CC73C9 /* Products */;
			projectDirPath = "";
			projectRoot = "";
			targets = (
				9C1F326624FF3EFC00CC73C9 /* Movie Catalogue SwiftUI */,
			);
		};
/* End PBXProject section */

/* Begin PBXResourcesBuildPhase section */
		9C1F326524FF3EFC00CC73C9 /* Resources */ = {
			isa = PBXResourcesBuildPhase;
			buildActionMask = 2147483647;
			files = (
				9C1F327724FF3F0000CC73C9 /* LaunchScreen.storyboard in Resources */,
				9C1F327424FF3F0000CC73C9 /* Preview Assets.xcassets in Resources */,
				9C1F327124FF3F0000CC73C9 /* Assets.xcassets in Resources */,
			);
			runOnlyForDeploymentPostprocessing = 0;
		};
/* End PBXResourcesBuildPhase section */

/* Begin PBXShellScriptBuildPhase section */
		830F0C9CFAEBC6CA06E5E02A /* [CP] Embed Pods Frameworks */ = {
			isa = PBXShellScriptBuildPhase;
			buildActionMask = 2147483647;
			files = (
			);
			inputFileListPaths = (
				"${PODS_ROOT}/Target Support Files/Pods-Movie Catalogue SwiftUI/Pods-Movie Catalogue SwiftUI-frameworks-${CONFIGURATION}-input-files.xcfilelist",
			);
			name = "[CP] Embed Pods Frameworks";
			outputFileListPaths = (
				"${PODS_ROOT}/Target Support Files/Pods-Movie Catalogue SwiftUI/Pods-Movie Catalogue SwiftUI-frameworks-${CONFIGURATION}-output-files.xcfilelist",
			);
			runOnlyForDeploymentPostprocessing = 0;
			shellPath = /bin/sh;
			shellScript = "\"${PODS_ROOT}/Target Support Files/Pods-Movie Catalogue SwiftUI/Pods-Movie Catalogue SwiftUI-frameworks.sh\"\n";
			showEnvVarsInLog = 0;
		};
		C1989E9779544077AF7579A3 /* [CP] Check Pods Manifest.lock */ = {
			isa = PBXShellScriptBuildPhase;
			buildActionMask = 2147483647;
			files = (
			);
			inputFileListPaths = (
			);
			inputPaths = (
				"${PODS_PODFILE_DIR_PATH}/Podfile.lock",
				"${PODS_ROOT}/Manifest.lock",
			);
			name = "[CP] Check Pods Manifest.lock";
			outputFileListPaths = (
			);
			outputPaths = (
				"$(DERIVED_FILE_DIR)/Pods-Movie Catalogue SwiftUI-checkManifestLockResult.txt",
			);
			runOnlyForDeploymentPostprocessing = 0;
			shellPath = /bin/sh;
			shellScript = "diff \"${PODS_PODFILE_DIR_PATH}/Podfile.lock\" \"${PODS_ROOT}/Manifest.lock\" > /dev/null\nif [ $? != 0 ] ; then\n    # print error to STDERR\n    echo \"error: The sandbox is not in sync with the Podfile.lock. Run 'pod install' or update your CocoaPods installation.\" >&2\n    exit 1\nfi\n# This output is used by Xcode 'outputs' to avoid re-running this script phase.\necho \"SUCCESS\" > \"${SCRIPT_OUTPUT_FILE_0}\"\n";
			showEnvVarsInLog = 0;
		};
/* End PBXShellScriptBuildPhase section */

/* Begin PBXSourcesBuildPhase section */
		9C1F326324FF3EFC00CC73C9 /* Sources */ = {
			isa = PBXSourcesBuildPhase;
			buildActionMask = 2147483647;
			files = (
				CE8A831326AEB0EB00EF53B4 /* MovieDetailGenre.swift in Sources */,
				CE8A830526AE97C300EF53B4 /* GenreRow.swift in Sources */,
				9C1F326B24FF3EFC00CC73C9 /* AppDelegate.swift in Sources */,
				CE8A82EE26AE813C00EF53B4 /* MovieNetworkManager.swift in Sources */,
				CE8A82FE26AE92FA00EF53B4 /* GenreNetworkManager.swift in Sources */,
				CE765B4C26B12EC000849771 /* Review.swift in Sources */,
				CE765B4426B1156D00849771 /* Trailer.swift in Sources */,
				CE8A831026AEA4D200EF53B4 /* Movie.swift in Sources */,
				9C1F326D24FF3EFC00CC73C9 /* SceneDelegate.swift in Sources */,
				CE8A831626AEB12F00EF53B4 /* MovieRowGenre.swift in Sources */,
				9C1F328724FF4E5E00CC73C9 /* MovieDetail.swift in Sources */,
				9C1F328924FF4E7000CC73C9 /* MovieRow.swift in Sources */,
				9C1F326F24FF3EFC00CC73C9 /* ContentView.swift in Sources */,
				CE8A82F726AE91C500EF53B4 /* MovieGenre.swift in Sources */,
				CE765B4126B10F9E00849771 /* VideoView.swift in Sources */,
			);
			runOnlyForDeploymentPostprocessing = 0;
		};
/* End PBXSourcesBuildPhase section */

/* Begin PBXVariantGroup section */
		9C1F327524FF3F0000CC73C9 /* LaunchScreen.storyboard */ = {
			isa = PBXVariantGroup;
			children = (
				9C1F327624FF3F0000CC73C9 /* Base */,
			);
			name = LaunchScreen.storyboard;
			sourceTree = "<group>";
		};
/* End PBXVariantGroup section */

/* Begin XCBuildConfiguration section */
		9C1F327924FF3F0000CC73C9 /* Debug */ = {
			isa = XCBuildConfiguration;
			buildSettings = {
				ALWAYS_SEARCH_USER_PATHS = NO;
				CLANG_ANALYZER_NONNULL = YES;
				CLANG_ANALYZER_NUMBER_OBJECT_CONVERSION = YES_AGGRESSIVE;
				CLANG_CXX_LANGUAGE_STANDARD = "gnu++14";
				CLANG_CXX_LIBRARY = "libc++";
				CLANG_ENABLE_MODULES = YES;
				CLANG_ENABLE_OBJC_ARC = YES;
				CLANG_ENABLE_OBJC_WEAK = YES;
				CLANG_WARN_BLOCK_CAPTURE_AUTORELEASING = YES;
				CLANG_WARN_BOOL_CONVERSION = YES;
				CLANG_WARN_COMMA = YES;
				CLANG_WARN_CONSTANT_CONVERSION = YES;
				CLANG_WARN_DEPRECATED_OBJC_IMPLEMENTATIONS = YES;
				CLANG_WARN_DIRECT_OBJC_ISA_USAGE = YES_ERROR;
				CLANG_WARN_DOCUMENTATION_COMMENTS = YES;
				CLANG_WARN_EMPTY_BODY = YES;
				CLANG_WARN_ENUM_CONVERSION = YES;
				CLANG_WARN_INFINITE_RECURSION = YES;
				CLANG_WARN_INT_CONVERSION = YES;
				CLANG_WARN_NON_LITERAL_NULL_CONVERSION = YES;
				CLANG_WARN_OBJC_IMPLICIT_RETAIN_SELF = YES;
				CLANG_WARN_OBJC_LITERAL_CONVERSION = YES;
				CLANG_WARN_OBJC_ROOT_CLASS = YES_ERROR;
				CLANG_WARN_QUOTED_INCLUDE_IN_FRAMEWORK_HEADER = YES;
				CLANG_WARN_RANGE_LOOP_ANALYSIS = YES;
				CLANG_WARN_STRICT_PROTOTYPES = YES;
				CLANG_WARN_SUSPICIOUS_MOVE = YES;
				CLANG_WARN_UNGUARDED_AVAILABILITY = YES_AGGRESSIVE;
				CLANG_WARN_UNREACHABLE_CODE = YES;
				CLANG_WARN__DUPLICATE_METHOD_MATCH = YES;
				COPY_PHASE_STRIP = NO;
				DEBUG_INFORMATION_FORMAT = dwarf;
				ENABLE_STRICT_OBJC_MSGSEND = YES;
				ENABLE_TESTABILITY = YES;
				GCC_C_LANGUAGE_STANDARD = gnu11;
				GCC_DYNAMIC_NO_PIC = NO;
				GCC_NO_COMMON_BLOCKS = YES;
				GCC_OPTIMIZATION_LEVEL = 0;
				GCC_PREPROCESSOR_DEFINITIONS = (
					"DEBUG=1",
					"$(inherited)",
				);
				GCC_WARN_64_TO_32_BIT_CONVERSION = YES;
				GCC_WARN_ABOUT_RETURN_TYPE = YES_ERROR;
				GCC_WARN_UNDECLARED_SELECTOR = YES;
				GCC_WARN_UNINITIALIZED_AUTOS = YES_AGGRESSIVE;
				GCC_WARN_UNUSED_FUNCTION = YES;
				GCC_WARN_UNUSED_VARIABLE = YES;
				IPHONEOS_DEPLOYMENT_TARGET = 14.4;
				MTL_ENABLE_DEBUG_INFO = INCLUDE_SOURCE;
				MTL_FAST_MATH = YES;
				ONLY_ACTIVE_ARCH = YES;
				SDKROOT = iphoneos;
				SWIFT_ACTIVE_COMPILATION_CONDITIONS = DEBUG;
				SWIFT_OPTIMIZATION_LEVEL = "-Onone";
			};
			name = Debug;
		};
		9C1F327A24FF3F0000CC73C9 /* Release */ = {
			isa = XCBuildConfiguration;
			buildSettings = {
				ALWAYS_SEARCH_USER_PATHS = NO;
				CLANG_ANALYZER_NONNULL = YES;
				CLANG_ANALYZER_NUMBER_OBJECT_CONVERSION = YES_AGGRESSIVE;
				CLANG_CXX_LANGUAGE_STANDARD = "gnu++14";
				CLANG_CXX_LIBRARY = "libc++";
				CLANG_ENABLE_MODULES = YES;
				CLANG_ENABLE_OBJC_ARC = YES;
				CLANG_ENABLE_OBJC_WEAK = YES;
				CLANG_WARN_BLOCK_CAPTURE_AUTORELEASING = YES;
				CLANG_WARN_BOOL_CONVERSION = YES;
				CLANG_WARN_COMMA = YES;
				CLANG_WARN_CONSTANT_CONVERSION = YES;
				CLANG_WARN_DEPRECATED_OBJC_IMPLEMENTATIONS = YES;
				CLANG_WARN_DIRECT_OBJC_ISA_USAGE = YES_ERROR;
				CLANG_WARN_DOCUMENTATION_COMMENTS = YES;
				CLANG_WARN_EMPTY_BODY = YES;
				CLANG_WARN_ENUM_CONVERSION = YES;
				CLANG_WARN_INFINITE_RECURSION = YES;
				CLANG_WARN_INT_CONVERSION = YES;
				CLANG_WARN_NON_LITERAL_NULL_CONVERSION = YES;
				CLANG_WARN_OBJC_IMPLICIT_RETAIN_SELF = YES;
				CLANG_WARN_OBJC_LITERAL_CONVERSION = YES;
				CLANG_WARN_OBJC_ROOT_CLASS = YES_ERROR;
				CLANG_WARN_QUOTED_INCLUDE_IN_FRAMEWORK_HEADER = YES;
				CLANG_WARN_RANGE_LOOP_ANALYSIS = YES;
				CLANG_WARN_STRICT_PROTOTYPES = YES;
				CLANG_WARN_SUSPICIOUS_MOVE = YES;
				CLANG_WARN_UNGUARDED_AVAILABILITY = YES_AGGRESSIVE;
				CLANG_WARN_UNREACHABLE_CODE = YES;
				CLANG_WARN__DUPLICATE_METHOD_MATCH = YES;
				COPY_PHASE_STRIP = NO;
				DEBUG_INFORMATION_FORMAT = "dwarf-with-dsym";
				ENABLE_NS_ASSERTIONS = NO;
				ENABLE_STRICT_OBJC_MSGSEND = YES;
				GCC_C_LANGUAGE_STANDARD = gnu11;
				GCC_NO_COMMON_BLOCKS = YES;
				GCC_WARN_64_TO_32_BIT_CONVERSION = YES;
				GCC_WARN_ABOUT_RETURN_TYPE = YES_ERROR;
				GCC_WARN_UNDECLARED_SELECTOR = YES;
				GCC_WARN_UNINITIALIZED_AUTOS = YES_AGGRESSIVE;
				GCC_WARN_UNUSED_FUNCTION = YES;
				GCC_WARN_UNUSED_VARIABLE = YES;
				IPHONEOS_DEPLOYMENT_TARGET = 14.4;
				MTL_ENABLE_DEBUG_INFO = NO;
				MTL_FAST_MATH = YES;
				SDKROOT = iphoneos;
				SWIFT_COMPILATION_MODE = wholemodule;
				SWIFT_OPTIMIZATION_LEVEL = "-O";
				VALIDATE_PRODUCT = YES;
			};
			name = Release;
		};
		9C1F327C24FF3F0000CC73C9 /* Debug */ = {
			isa = XCBuildConfiguration;
			baseConfigurationReference = A0E695849BD12593D7680A35 /* Pods-Movie Catalogue SwiftUI.debug.xcconfig */;
			buildSettings = {
				ASSETCATALOG_COMPILER_APPICON_NAME = AppIcon;
				CODE_SIGN_STYLE = Automatic;
				DEVELOPMENT_ASSET_PATHS = "\"Movie Catalogue SwiftUI/Preview Content\"";
				DEVELOPMENT_TEAM = 622X57WS26;
				ENABLE_PREVIEWS = YES;
				INFOPLIST_FILE = "Movie Catalogue SwiftUI/Info.plist";
				LD_RUNPATH_SEARCH_PATHS = (
					"$(inherited)",
					"@executable_path/Frameworks",
				);
				PRODUCT_BUNDLE_IDENTIFIER = "com.jason.Movie-Catalogue-SwiftUI";
				PRODUCT_NAME = "$(TARGET_NAME)";
				SWIFT_VERSION = 5.0;
				TARGETED_DEVICE_FAMILY = "1,2";
			};
			name = Debug;
		};
		9C1F327D24FF3F0000CC73C9 /* Release */ = {
			isa = XCBuildConfiguration;
			baseConfigurationReference = 72E16E3B32E120522A93B3D7 /* Pods-Movie Catalogue SwiftUI.release.xcconfig */;
			buildSettings = {
				ASSETCATALOG_COMPILER_APPICON_NAME = AppIcon;
				CODE_SIGN_STYLE = Automatic;
				DEVELOPMENT_ASSET_PATHS = "\"Movie Catalogue SwiftUI/Preview Content\"";
				DEVELOPMENT_TEAM = 622X57WS26;
				ENABLE_PREVIEWS = YES;
				INFOPLIST_FILE = "Movie Catalogue SwiftUI/Info.plist";
				LD_RUNPATH_SEARCH_PATHS = (
					"$(inherited)",
					"@executable_path/Frameworks",
				);
				PRODUCT_BUNDLE_IDENTIFIER = "com.jason.Movie-Catalogue-SwiftUI";
				PRODUCT_NAME = "$(TARGET_NAME)";
				SWIFT_VERSION = 5.0;
				TARGETED_DEVICE_FAMILY = "1,2";
			};
			name = Release;
		};
/* End XCBuildConfiguration section */

/* Begin XCConfigurationList section */
		9C1F326224FF3EFC00CC73C9 /* Build configuration list for PBXProject "Movie Catalogue SwiftUI" */ = {
			isa = XCConfigurationList;
			buildConfigurations = (
				9C1F327924FF3F0000CC73C9 /* Debug */,
				9C1F327A24FF3F0000CC73C9 /* Release */,
			);
			defaultConfigurationIsVisible = 0;
			defaultConfigurationName = Release;
		};
		9C1F327B24FF3F0000CC73C9 /* Build configuration list for PBXNativeTarget "Movie Catalogue SwiftUI" */ = {
			isa = XCConfigurationList;
			buildConfigurations = (
				9C1F327C24FF3F0000CC73C9 /* Debug */,
				9C1F327D24FF3F0000CC73C9 /* Release */,
			);
			defaultConfigurationIsVisible = 0;
			defaultConfigurationName = Release;
		};
/* End XCConfigurationList section */
	};
	rootObject = 9C1F325F24FF3EFC00CC73C9 /* Project object */;
}
