// !$*UTF8*$!
{
	archiveVersion = 1;
	classes = {
	};
	objectVersion = 50;
	objects = {

/* Begin PBXBuildFile section */
		9C1F326B24FF3EFC00CC73C9 /* AppDelegate.swift in Sources */ = {isa = PBXBuildFile; fileRef = 9C1F326A24FF3EFC00CC73C9 /* AppDelegate.swift */; };
		9C1F326D24FF3EFC00CC73C9 /* SceneDelegate.swift in Sources */ = {isa = PBXBuildFile; fileRef = 9C1F326C24FF3EFC00CC73C9 /* SceneDelegate.swift */; };
		9C1F326F24FF3EFC00CC73C9 /* ContentView.swift in Sources */ = {isa = PBXBuildFile; fileRef = 9C1F326E24FF3EFC00CC73C9 /* ContentView.swift */; };
		9C1F327124FF3F0000CC73C9 /* Assets.xcassets in Resources */ = {isa = PBXBuildFile; fileRef = 9C1F327024FF3F0000CC73C9 /* Assets.xcassets */; };
		9C1F327424FF3F0000CC73C9 /* Preview Assets.xcassets in Resources */ = {isa = PBXBuildFile; fileRef = 9C1F327324FF3F0000CC73C9 /* Preview Assets.xcassets */; };
		9C1F327724FF3F0000CC73C9 /* LaunchScreen.storyboard in Resources */ = {isa = PBXBuildFile; fileRef = 9C1F327524FF3F0000CC73C9 /* LaunchScreen.storyboard */; };
/* End PBXBuildFile section */

/* Begin PBXFileReference section */
		9C1F326724FF3EFC00CC73C9 /* Movie Catalogue SwiftUI.app */ = {isa = PBXFileReference; explicitFileType = wrapper.application; includeInIndex = 0; path = "Movie Catalogue SwiftUI.app"; sourceTree = BUILT_PRODUCTS_DIR; };
		9C1F326A24FF3EFC00CC73C9 /* AppDelegate.swift */ = {isa = PBXFileReference; lastKnownFileType = sourcecode.swift; path = AppDelegate.swift; sourceTree = "<group>"; };
		9C1F326C24FF3EFC00CC73C9 /* SceneDelegate.swift */ = {isa = PBXFileReference; lastKnownFileType = sourcecode.swift; path = SceneDelegate.swift; sourceTree = "<group>"; };
		9C1F326E24FF3EFC00CC73C9 /* ContentView.swift */ = {isa = PBXFileReference; lastKnownFileType = sourcecode.swift; path = ContentView.swift; sourceTree = "<group>"; };
		9C1F327024FF3F0000CC73C9 /* Assets.xcassets */ = {isa = PBXFileReference; lastKnownFileType = folder.assetcatalog; path = Assets.xcassets; sourceTree = "<group>"; };
		9C1F327324FF3F0000CC73C9 /* Preview Assets.xcassets */ = {isa = PBXFileReference; lastKnownFileType = folder.assetcatalog; path = "Preview Assets.xcassets"; sourceTree = "<group>"; };
		9C1F327624FF3F0000CC73C9 /* Base */ = {isa = PBXFileReference; lastKnownFileType = file.storyboard; name = Base; path = Base.lproj/LaunchScreen.storyboard; sourceTree = "<group>"; };
		9C1F327824FF3F0000CC73C9 /* Info.plist */ = {isa = PBXFileReference; lastKnownFileType = text.plist.xml; path = Info.plist; sourceTree = "<group>"; };
/* End PBXFileReference section */

/* Begin PBXFrameworksBuildPhase section */
		9C1F326424FF3EFC00CC73C9 /* Frameworks */ = {
			isa = PBXFrameworksBuildPhase;
			buildActionMask = 2147483647;
			files = (
			);
			runOnlyForDeploymentPostprocessing = 0;
		};
/* End PBXFrameworksBuildPhase section */

/* Begin PBXGroup section */
		9C1F325E24FF3EFC00CC73C9 = {
			isa = PBXGroup;
			children = (
				9C1F326924FF3EFC00CC73C9 /* Movie Catalogue SwiftUI */,
				9C1F326824FF3EFC00CC73C9 /* Products */,
			);
			sourceTree = "<group>";
		};
		9C1F326824FF3EFC00CC73C9 /* Products */ = {
			isa = PBXGroup;
			children = (
				9C1F326724FF3EFC00CC73C9 /* Movie Catalogue SwiftUI.app */,
			);
			name = Products;
			sourceTree = "<group>";
		};
		9C1F326924FF3EFC00CC73C9 /* Movie Catalogue SwiftUI */ = {
			isa = PBXGroup;
			children = (
				9C1F326A24FF3EFC00CC73C9 /* AppDelegate.swift */,
				9C1F326C24FF3EFC00CC73C9 /* SceneDelegate.swift */,
				9C1F326E24FF3EFC00CC73C9 /* ContentView.swift */,
				9C1F327024FF3F0000CC73C9 /* Assets.xcassets */,
				9C1F327524FF3F0000CC73C9 /* LaunchScreen.storyboard */,
				9C1F327824FF3F0000CC73C9 /* Info.plist */,
				9C1F327224FF3F0000CC73C9 /* Preview Content */,
			);
			path = "Movie Catalogue SwiftUI";
			sourceTree = "<group>";
		};
		9C1F327224FF3F0000CC73C9 /* Preview Content */ = {
			isa = PBXGroup;
			children = (
				9C1F327324FF3F0000CC73C9 /* Preview Assets.xcassets */,
			);
			path = "Preview Content";
			sourceTree = "<group>";
		};
/* End PBXGroup section */

/* Begin PBXNativeTarget section */
		9C1F326624FF3EFC00CC73C9 /* Movie Catalogue SwiftUI */ = {
			isa = PBXNativeTarget;
			buildConfigurationList = 9C1F327B24FF3F0000CC73C9 /* Build configuration list for PBXNativeTarget "Movie Catalogue SwiftUI" */;
			buildPhases = (
				9C1F326324FF3EFC00CC73C9 /* Sources */,
				9C1F326424FF3EFC00CC73C9 /* Frameworks */,
				9C1F326524FF3EFC00CC73C9 /* Resources */,
			);
			buildRules = (
			);
			dependencies = (
			);
			name = "Movie Catalogue SwiftUI";
			productName = "Movie Catalogue SwiftUI";
			productReference = 9C1F326724FF3EFC00CC73C9 /* Movie Catalogue SwiftUI.app */;
			productType = "com.apple.product-type.application";
		};
/* End PBXNativeTarget section */

/* Begin PBXProject section */
		9C1F325F24FF3EFC00CC73C9 /* Project object */ = {
			isa = PBXProject;
			attributes = {
				LastSwiftUpdateCheck = 1160;
				LastUpgradeCheck = 1160;
				ORGANIZATIONNAME = "Jason Dicoding IOS";
				TargetAttributes = {
					9C1F326624FF3EFC00CC73C9 = {
						CreatedOnToolsVersion = 11.6;
					};
				};
			};
			buildConfigurationList = 9C1F326224FF3EFC00CC73C9 /* Build configuration list for PBXProject "Movie Catalogue SwiftUI" */;
			compatibilityVersion = "Xcode 9.3";
			developmentRegion = en;
			hasScannedForEncodings = 0;
			knownRegions = (
				en,
				Base,
			);
			mainGroup = 9C1F325E24FF3EFC00CC73C9;
			productRefGroup = 9C1F326824FF3EFC00CC73C9 /* Products */;
			projectDirPath = "";
			projectRoot = "";
			targets = (
				9C1F326624FF3EFC00CC73C9 /* Movie Catalogue SwiftUI */,
			);
		};
/* End PBXProject section */

/* Begin PBXResourcesBuildPhase section */
		9C1F326524FF3EFC00CC73C9 /* Resources */ = {
			isa = PBXResourcesBuildPhase;
			buildActionMask = 2147483647;
			files = (
				9C1F327724FF3F0000CC73C9 /* LaunchScreen.storyboard in Resources */,
				9C1F327424FF3F0000CC73C9 /* Preview Assets.xcassets in Resources */,
				9C1F327124FF3F0000CC73C9 /* Assets.xcassets in Resources */,
			);
			runOnlyForDeploymentPostprocessing = 0;
		};
/* End PBXResourcesBuildPhase section */

/* Begin PBXSourcesBuildPhase section */
		9C1F326324FF3EFC00CC73C9 /* Sources */ = {
			isa = PBXSourcesBuildPhase;
			buildActionMask = 2147483647;
			files = (
				9C1F326B24FF3EFC00CC73C9 /* AppDelegate.swift in Sources */,
				9C1F326D24FF3EFC00CC73C9 /* SceneDelegate.swift in Sources */,
				9C1F326F24FF3EFC00CC73C9 /* ContentView.swift in Sources */,
			);
			runOnlyForDeploymentPostprocessing = 0;
		};
/* End PBXSourcesBuildPhase section */

/* Begin PBXVariantGroup section */
		9C1F327524FF3F0000CC73C9 /* LaunchScreen.storyboard */ = {
			isa = PBXVariantGroup;
			children = (
				9C1F327624FF3F0000CC73C9 /* Base */,
			);
			name = LaunchScreen.storyboard;
			sourceTree = "<group>";
		};
/* End PBXVariantGroup section */

/* Begin XCBuildConfiguration section */
		9C1F327924FF3F0000CC73C9 /* Debug */ = {
			isa = XCBuildConfiguration;
			buildSettings = {
				ALWAYS_SEARCH_USER_PATHS = NO;
				CLANG_ANALYZER_NONNULL = YES;
				CLANG_ANALYZER_NUMBER_OBJECT_CONVERSION = YES_AGGRESSIVE;
				CLANG_CXX_LANGUAGE_STANDARD = "gnu++14";
				CLANG_CXX_LIBRARY = "libc++";
				CLANG_ENABLE_MODULES = YES;
				CLANG_ENABLE_OBJC_ARC = YES;
				CLANG_ENABLE_OBJC_WEAK = YES;
				CLANG_WARN_BLOCK_CAPTURE_AUTORELEASING = YES;
				CLANG_WARN_BOOL_CONVERSION = YES;
				CLANG_WARN_COMMA = YES;
				CLANG_WARN_CONSTANT_CONVERSION = YES;
				CLANG_WARN_DEPRECATED_OBJC_IMPLEMENTATIONS = YES;
				CLANG_WARN_DIRECT_OBJC_ISA_USAGE = YES_ERROR;
				CLANG_WARN_DOCUMENTATION_COMMENTS = YES;
				CLANG_WARN_EMPTY_BODY = YES;
				CLANG_WARN_ENUM_CONVERSION = YES;
				CLANG_WARN_INFINITE_RECURSION = YES;
				CLANG_WARN_INT_CONVERSION = YES;
				CLANG_WARN_NON_LITERAL_NULL_CONVERSION = YES;
				CLANG_WARN_OBJC_IMPLICIT_RETAIN_SELF = YES;
				CLANG_WARN_OBJC_LITERAL_CONVERSION = YES;
				CLANG_WARN_OBJC_ROOT_CLASS = YES_ERROR;
				CLANG_WARN_RANGE_LOOP_ANALYSIS = YES;
				CLANG_WARN_STRICT_PROTOTYPES = YES;
				CLANG_WARN_SUSPICIOUS_MOVE = YES;
				CLANG_WARN_UNGUARDED_AVAILABILITY = YES_AGGRESSIVE;
				CLANG_WARN_UNREACHABLE_CODE = YES;
				CLANG_WARN__DUPLICATE_METHOD_MATCH = YES;
				COPY_PHASE_STRIP = NO;
				DEBUG_INFORMATION_FORMAT = dwarf;
				ENABLE_STRICT_OBJC_MSGSEND = YES;
				ENABLE_TESTABILITY = YES;
				GCC_C_LANGUAGE_STANDARD = gnu11;
				GCC_DYNAMIC_NO_PIC = NO;
				GCC_NO_COMMON_BLOCKS = YES;
				GCC_OPTIMIZATION_LEVEL = 0;
				GCC_PREPROCESSOR_DEFINITIONS = (
					"DEBUG=1",
					"$(inherited)",
				);
				GCC_WARN_64_TO_32_BIT_CONVERSION = YES;
				GCC_WARN_ABOUT_RETURN_TYPE = YES_ERROR;
				GCC_WARN_UNDECLARED_SELECTOR = YES;
				GCC_WARN_UNINITIALIZED_AUTOS = YES_AGGRESSIVE;
				GCC_WARN_UNUSED_FUNCTION = YES;
				GCC_WARN_UNUSED_VARIABLE = YES;
				IPHONEOS_DEPLOYMENT_TARGET = 13.6;
				MTL_ENABLE_DEBUG_INFO = INCLUDE_SOURCE;
				MTL_FAST_MATH = YES;
				ONLY_ACTIVE_ARCH = YES;
				SDKROOT = iphoneos;
				SWIFT_ACTIVE_COMPILATION_CONDITIONS = DEBUG;
				SWIFT_OPTIMIZATION_LEVEL = "-Onone";
			};
			name = Debug;
		};
		9C1F327A24FF3F0000CC73C9 /* Release */ = {
			isa = XCBuildConfiguration;
			buildSettings = {
				ALWAYS_SEARCH_USER_PATHS = NO;
				CLANG_ANALYZER_NONNULL = YES;
				CLANG_ANALYZER_NUMBER_OBJECT_CONVERSION = YES_AGGRESSIVE;
				CLANG_CXX_LANGUAGE_STANDARD = "gnu++14";
				CLANG_CXX_LIBRARY = "libc++";
				CLANG_ENABLE_MODULES = YES;
				CLANG_ENABLE_OBJC_ARC = YES;
				CLANG_ENABLE_OBJC_WEAK = YES;
				CLANG_WARN_BLOCK_CAPTURE_AUTORELEASING = YES;
				CLANG_WARN_BOOL_CONVERSION = YES;
				CLANG_WARN_COMMA = YES;
				CLANG_WARN_CONSTANT_CONVERSION = YES;
				CLANG_WARN_DEPRECATED_OBJC_IMPLEMENTATIONS = YES;
				CLANG_WARN_DIRECT_OBJC_ISA_USAGE = YES_ERROR;
				CLANG_WARN_DOCUMENTATION_COMMENTS = YES;
				CLANG_WARN_EMPTY_BODY = YES;
				CLANG_WARN_ENUM_CONVERSION = YES;
				CLANG_WARN_INFINITE_RECURSION = YES;
				CLANG_WARN_INT_CONVERSION = YES;
				CLANG_WARN_NON_LITERAL_NULL_CONVERSION = YES;
				CLANG_WARN_OBJC_IMPLICIT_RETAIN_SELF = YES;
				CLANG_WARN_OBJC_LITERAL_CONVERSION = YES;
				CLANG_WARN_OBJC_ROOT_CLASS = YES_ERROR;
				CLANG_WARN_RANGE_LOOP_ANALYSIS = YES;
				CLANG_WARN_STRICT_PROTOTYPES = YES;
				CLANG_WARN_SUSPICIOUS_MOVE = YES;
				CLANG_WARN_UNGUARDED_AVAILABILITY = YES_AGGRESSIVE;
				CLANG_WARN_UNREACHABLE_CODE = YES;
				CLANG_WARN__DUPLICATE_METHOD_MATCH = YES;
				COPY_PHASE_STRIP = NO;
				DEBUG_INFORMATION_FORMAT = "dwarf-with-dsym";
				ENABLE_NS_ASSERTIONS = NO;
				ENABLE_STRICT_OBJC_MSGSEND = YES;
				GCC_C_LANGUAGE_STANDARD = gnu11;
				GCC_NO_COMMON_BLOCKS = YES;
				GCC_WARN_64_TO_32_BIT_CONVERSION = YES;
				GCC_WARN_ABOUT_RETURN_TYPE = YES_ERROR;
				GCC_WARN_UNDECLARED_SELECTOR = YES;
				GCC_WARN_UNINITIALIZED_AUTOS = YES_AGGRESSIVE;
				GCC_WARN_UNUSED_FUNCTION = YES;
				GCC_WARN_UNUSED_VARIABLE = YES;
				IPHONEOS_DEPLOYMENT_TARGET = 13.6;
				MTL_ENABLE_DEBUG_INFO = NO;
				MTL_FAST_MATH = YES;
				SDKROOT = iphoneos;
				SWIFT_COMPILATION_MODE = wholemodule;
				SWIFT_OPTIMIZATION_LEVEL = "-O";
				VALIDATE_PRODUCT = YES;
			};
			name = Release;
		};
		9C1F327C24FF3F0000CC73C9 /* Debug */ = {
			isa = XCBuildConfiguration;
			buildSettings = {
				ASSETCATALOG_COMPILER_APPICON_NAME = AppIcon;
				CODE_SIGN_STYLE = Automatic;
				DEVELOPMENT_ASSET_PATHS = "\"Movie Catalogue SwiftUI/Preview Content\"";
				DEVELOPMENT_TEAM = 622X57WS26;
				ENABLE_PREVIEWS = YES;
				INFOPLIST_FILE = "Movie Catalogue SwiftUI/Info.plist";
				LD_RUNPATH_SEARCH_PATHS = (
					"$(inherited)",
					"@executable_path/Frameworks",
				);
				PRODUCT_BUNDLE_IDENTIFIER = "com.jason.Movie-Catalogue-SwiftUI";
				PRODUCT_NAME = "$(TARGET_NAME)";
				SWIFT_VERSION = 5.0;
				TARGETED_DEVICE_FAMILY = "1,2";
			};
			name = Debug;
		};
		9C1F327D24FF3F0000CC73C9 /* Release */ = {
			isa = XCBuildConfiguration;
			buildSettings = {
				ASSETCATALOG_COMPILER_APPICON_NAME = AppIcon;
				CODE_SIGN_STYLE = Automatic;
				DEVELOPMENT_ASSET_PATHS = "\"Movie Catalogue SwiftUI/Preview Content\"";
				DEVELOPMENT_TEAM = 622X57WS26;
				ENABLE_PREVIEWS = YES;
				INFOPLIST_FILE = "Movie Catalogue SwiftUI/Info.plist";
				LD_RUNPATH_SEARCH_PATHS = (
					"$(inherited)",
					"@executable_path/Frameworks",
				);
				PRODUCT_BUNDLE_IDENTIFIER = "com.jason.Movie-Catalogue-SwiftUI";
				PRODUCT_NAME = "$(TARGET_NAME)";
				SWIFT_VERSION = 5.0;
				TARGETED_DEVICE_FAMILY = "1,2";
			};
			name = Release;
		};
/* End XCBuildConfiguration section */

/* Begin XCConfigurationList section */
		9C1F326224FF3EFC00CC73C9 /* Build configuration list for PBXProject "Movie Catalogue SwiftUI" */ = {
			isa = XCConfigurationList;
			buildConfigurations = (
				9C1F327924FF3F0000CC73C9 /* Debug */,
				9C1F327A24FF3F0000CC73C9 /* Release */,
			);
			defaultConfigurationIsVisible = 0;
			defaultConfigurationName = Release;
		};
		9C1F327B24FF3F0000CC73C9 /* Build configuration list for PBXNativeTarget "Movie Catalogue SwiftUI" */ = {
			isa = XCConfigurationList;
			buildConfigurations = (
				9C1F327C24FF3F0000CC73C9 /* Debug */,
				9C1F327D24FF3F0000CC73C9 /* Release */,
			);
			defaultConfigurationIsVisible = 0;
			defaultConfigurationName = Release;
		};
/* End XCConfigurationList section */
	};
	rootObject = 9C1F325F24FF3EFC00CC73C9 /* Project object */;
}
